<?xml version="1.0" encoding="utf-8"?>
<Project ToolsVersion="4.0" xmlns="http://schemas.microsoft.com/developer/msbuild/2003">
  <ItemGroup>
    <Filter Include="Header Files">
      <UniqueIdentifier>{93995380-89BD-4b04-88EB-625FBE52EBFB}</UniqueIdentifier>
      <Extensions>h;hh;hpp;hxx;h++;hm;inl;inc;ipp;xsd</Extensions>
    </Filter>
    <Filter Include="Source Files">
      <UniqueIdentifier>{847a12ba-04a4-4e33-8f2e-642f68baa0d2}</UniqueIdentifier>
    </Filter>
    <Filter Include="Network Lib">
      <UniqueIdentifier>{0b6243eb-4a58-44c8-9d2d-1b6c51088906}</UniqueIdentifier>
    </Filter>
  </ItemGroup>
  <ItemGroup>
    <ClCompile Include="..\src\text.c">
      <Filter>Source Files</Filter>
    </ClCompile>
    <ClCompile Include="..\src\satellite.c">
      <Filter>Source Files</Filter>
    </ClCompile>
    <ClCompile Include="..\src\osd.c">
      <Filter>Source Files</Filter>
    </ClCompile>
    <ClCompile Include="..\src\network.c">
      <Filter>Source Files</Filter>
    </ClCompile>
    <ClCompile Include="..\src\map.c">
      <Filter>Source Files</Filter>
    </ClCompile>
    <ClCompile Include="..\src\json.c">
      <Filter>Source Files</Filter>
    </ClCompile>
    <ClCompile Include="..\src\main.c">
      <Filter>Source Files</Filter>
    </ClCompile>
    <ClCompile Include="..\src\fetch.c">
      <Filter>Source Files</Filter>
    </ClCompile>
    <ClCompile Include="..\src\lib\ultimate_lib.c">
      <Filter>Network Lib</Filter>
    </ClCompile>
  </ItemGroup>
  <ItemGroup>
    <ClInclude Include="..\src\fetch.h">
      <Filter>Header Files</Filter>
    </ClInclude>
    <ClInclude Include="..\src\map.h">
      <Filter>Header Files</Filter>
    </ClInclude>
    <ClInclude Include="..\src\osd.h">
      <Filter>Header Files</Filter>
    </ClInclude>
    <ClInclude Include="..\src\satellite.h">
      <Filter>Header Files</Filter>
    </ClInclude>
    <ClInclude Include="..\src\text.h">
      <Filter>Header Files</Filter>
    </ClInclude>
    <ClInclude Include="..\src\lib\ultimate_lib.h">
      <Filter>Network Lib</Filter>
    </ClInclude>
    <ClInclude Include="network.h">
      <Filter>Header Files</Filter>
    </ClInclude>
    <ClInclude Include="..\src\network.h">
      <Filter>Header Files</Filter>
    </ClInclude>
    <ClInclude Include="..\src\json.h">
      <Filter>Header Files</Filter>
    </ClInclude>
  </ItemGroup>
</Project>